
Microsoft Visual Studio Solution File, Format Version 12.00
# Visual Studio Version 16
VisualStudioVersion = 16.0.29215.179
MinimumVisualStudioVersion = 10.0.40219.1
Project("{FAE04EC0-301F-11D3-BF4B-00C04F79EFBC}") = "LearnCS", "LearnCS\LearnCS.csproj", "{71E9C76B-25E6-439D-8E97-75F7C6A055CF}"
EndProject
Global
	GlobalSection(SolutionConfigurationPlatforms) = preSolution
		Debug|Any CPU = Debug|Any CPU
		Release|Any CPU = Release|Any CPU
	EndGlobalSection
	GlobalSection(ProjectConfigurationPlatforms) = postSolution
		{71E9C76B-25E6-439D-8E97-75F7C6A055CF}.Debug|Any CPU.ActiveCfg = Debug|Any CPU
		{71E9C76B-25E6-439D-8E97-75F7C6A055CF}.Debug|Any CPU.Build.0 = Debug|Any CPU
		{71E9C76B-25E6-439D-8E97-75F7C6A055CF}.Release|Any CPU.ActiveCfg = Release|Any CPU
		{71E9C76B-25E6-439D-8E97-75F7C6A055CF}.Release|Any CPU.Build.0 = Release|Any CPU
	EndGlobalSection
	GlobalSection(SolutionProperties) = preSolution
		HideSolutionNode = FALSE
	EndGlobalSection
	GlobalSection(ExtensibilityGlobals) = postSolution
		SolutionGuid = {27B418EC-D6B8-41FC-9613-CCB1B7E24A54}
	EndGlobalSection
EndGlobal
